
Microsoft Visual Studio Solution File, Format Version 12.00
# Visual Studio Version 16
VisualStudioVersion = 16.0.29905.134
MinimumVisualStudioVersion = 10.0.40219.1
Project("{2150E333-8FDC-42A3-9474-1A3956D46DE8}") = "PL", "PL", "{304AE232-61C4-4C0A-BFDC-39DA21CEC08A}"
EndProject
Project("{2150E333-8FDC-42A3-9474-1A3956D46DE8}") = "BLL", "BLL", "{BA95043E-8E5A-47ED-B27E-6E649295DAFB}"
EndProject
Project("{2150E333-8FDC-42A3-9474-1A3956D46DE8}") = "DAL", "DAL", "{139EA2E2-C839-4856-A47A-086ECCF1F138}"
EndProject
Project("{2150E333-8FDC-42A3-9474-1A3956D46DE8}") = "Common", "Common", "{14FD8D8F-90C7-4A6E-A596-4F28CAA6084C}"
EndProject
Project("{2150E333-8FDC-42A3-9474-1A3956D46DE8}") = "BO", "BO", "{020A36D5-9DD4-4814-AE19-8F4AF21B8814}"
EndProject
Project("{2150E333-8FDC-42A3-9474-1A3956D46DE8}") = "Docs", "Docs", "{3765D28B-A271-45FC-811E-DD0EAA1C626C}"
	ProjectSection(SolutionItems) = preProject
		Read Me.txt = Read Me.txt
	EndProjectSection
EndProject
Project("{9A19103F-16F7-4668-BE54-9A1E7A4F7556}") = "MC.DAL", "MC.DAL\MC.DAL.csproj", "{79D50A64-B27D-4719-A904-D0842070192C}"
EndProject
Project("{9A19103F-16F7-4668-BE54-9A1E7A4F7556}") = "MC.IDAL", "MC.IDAL\MC.IDAL.csproj", "{66213AE0-034F-4D28-96FB-235DA196D7A2}"
EndProject
Project("{9A19103F-16F7-4668-BE54-9A1E7A4F7556}") = "MC.BLL", "MC.BLL\MC.BLL.csproj", "{A08B1D49-1FFA-4EE9-AAAE-C3808040D86E}"
EndProject
Project("{2150E333-8FDC-42A3-9474-1A3956D46DE8}") = "DB", "DB", "{AB926146-C7CA-4612-9036-28C96F3C3C32}"
EndProject
Project("{9A19103F-16F7-4668-BE54-9A1E7A4F7556}") = "MC.IBLL", "MC.IBLL\MC.IBLL.csproj", "{9869DA2F-0873-42E0-A531-3F5CF2FD46D7}"
EndProject
Project("{9A19103F-16F7-4668-BE54-9A1E7A4F7556}") = "MC.DTO", "MC.DTO\MC.DTO.csproj", "{F7EFC418-EBD8-4947-8335-AC1186894D58}"
EndProject
Project("{9A19103F-16F7-4668-BE54-9A1E7A4F7556}") = "MC.ENTITY", "MC.ENTITY\MC.ENTITY.csproj", "{7549D5E5-5E5E-405E-8035-00C74FC5E880}"
EndProject
Project("{9A19103F-16F7-4668-BE54-9A1E7A4F7556}") = "MC.WebApi", "MC.WebApi\MC.WebApi.csproj", "{2E9383D1-40BC-4BF6-A30D-3BE6FCA46E03}"
EndProject
Project("{00D1A9C2-B5F0-4AF3-8072-F6C62B433612}") = "MC.DB", "MC.DB\MC.DB.sqlproj", "{AC769B6D-9E5D-4FFE-8E36-8CB0542AC752}"
EndProject
Project("{9A19103F-16F7-4668-BE54-9A1E7A4F7556}") = "MC.SHARE", "MC.SHARE\MC.SHARE.csproj", "{5CD4D1FC-930E-4076-86DC-DDCAE575D705}"
EndProject
Project("{9A19103F-16F7-4668-BE54-9A1E7A4F7556}") = "MC.WebApi.Tests", "MC.WebApi.Tests\MC.WebApi.Tests.csproj", "{3089DC37-5FC9-4824-A321-9EB65D66D45C}"
EndProject
Project("{9A19103F-16F7-4668-BE54-9A1E7A4F7556}") = "MC.BLL.Tests", "MC.BLL.Tests\MC.BLL.Tests.csproj", "{A95510C9-96C4-40D1-8E63-5EC071374DA5}"
EndProject
Project("{2150E333-8FDC-42A3-9474-1A3956D46DE8}") = "UT", "UT", "{C068B2EF-41BF-413D-8B01-9BDA73E541D6}"
EndProject
Project("{9A19103F-16F7-4668-BE54-9A1E7A4F7556}") = "MC.Common.Tests", "MC.Common.Tests\MC.Common.Tests.csproj", "{157A77EF-CB4D-4333-81FE-E53C86DCB3CE}"
EndProject
Project("{9A19103F-16F7-4668-BE54-9A1E7A4F7556}") = "MC.DAL.Tests", "MC.DAL.Tests\MC.DAL.Tests.csproj", "{203B2AD8-248D-4902-BA8B-1A138331439D}"
EndProject
Project("{2150E333-8FDC-42A3-9474-1A3956D46DE8}") = "Src", "Src", "{EF9AB8A4-A4EE-42A0-A6FA-61F77A748B3C}"
EndProject
Project("{2150E333-8FDC-42A3-9474-1A3956D46DE8}") = "Tests", "Tests", "{1A8F70A5-6427-403F-B043-E3E57960D243}"
EndProject
Project("{2150E333-8FDC-42A3-9474-1A3956D46DE8}") = "Solution Items", "Solution Items", "{0BAE5CDE-E882-445A-BB1D-718AB9B33B58}"
	ProjectSection(SolutionItems) = preProject
		README.md = README.md
	EndProjectSection
EndProject
Global
	GlobalSection(SolutionConfigurationPlatforms) = preSolution
		Debug|Any CPU = Debug|Any CPU
		Release|Any CPU = Release|Any CPU
	EndGlobalSection
	GlobalSection(ProjectConfigurationPlatforms) = postSolution
		{79D50A64-B27D-4719-A904-D0842070192C}.Debug|Any CPU.ActiveCfg = Debug|Any CPU
		{79D50A64-B27D-4719-A904-D0842070192C}.Debug|Any CPU.Build.0 = Debug|Any CPU
		{79D50A64-B27D-4719-A904-D0842070192C}.Release|Any CPU.ActiveCfg = Release|Any CPU
		{79D50A64-B27D-4719-A904-D0842070192C}.Release|Any CPU.Build.0 = Release|Any CPU
		{66213AE0-034F-4D28-96FB-235DA196D7A2}.Debug|Any CPU.ActiveCfg = Debug|Any CPU
		{66213AE0-034F-4D28-96FB-235DA196D7A2}.Debug|Any CPU.Build.0 = Debug|Any CPU
		{66213AE0-034F-4D28-96FB-235DA196D7A2}.Release|Any CPU.ActiveCfg = Release|Any CPU
		{66213AE0-034F-4D28-96FB-235DA196D7A2}.Release|Any CPU.Build.0 = Release|Any CPU
		{A08B1D49-1FFA-4EE9-AAAE-C3808040D86E}.Debug|Any CPU.ActiveCfg = Debug|Any CPU
		{A08B1D49-1FFA-4EE9-AAAE-C3808040D86E}.Debug|Any CPU.Build.0 = Debug|Any CPU
		{A08B1D49-1FFA-4EE9-AAAE-C3808040D86E}.Release|Any CPU.ActiveCfg = Release|Any CPU
		{A08B1D49-1FFA-4EE9-AAAE-C3808040D86E}.Release|Any CPU.Build.0 = Release|Any CPU
		{9869DA2F-0873-42E0-A531-3F5CF2FD46D7}.Debug|Any CPU.ActiveCfg = Debug|Any CPU
		{9869DA2F-0873-42E0-A531-3F5CF2FD46D7}.Debug|Any CPU.Build.0 = Debug|Any CPU
		{9869DA2F-0873-42E0-A531-3F5CF2FD46D7}.Release|Any CPU.ActiveCfg = Release|Any CPU
		{9869DA2F-0873-42E0-A531-3F5CF2FD46D7}.Release|Any CPU.Build.0 = Release|Any CPU
		{F7EFC418-EBD8-4947-8335-AC1186894D58}.Debug|Any CPU.ActiveCfg = Debug|Any CPU
		{F7EFC418-EBD8-4947-8335-AC1186894D58}.Debug|Any CPU.Build.0 = Debug|Any CPU
		{F7EFC418-EBD8-4947-8335-AC1186894D58}.Release|Any CPU.ActiveCfg = Release|Any CPU
		{F7EFC418-EBD8-4947-8335-AC1186894D58}.Release|Any CPU.Build.0 = Release|Any CPU
		{7549D5E5-5E5E-405E-8035-00C74FC5E880}.Debug|Any CPU.ActiveCfg = Debug|Any CPU
		{7549D5E5-5E5E-405E-8035-00C74FC5E880}.Debug|Any CPU.Build.0 = Debug|Any CPU
		{7549D5E5-5E5E-405E-8035-00C74FC5E880}.Release|Any CPU.ActiveCfg = Release|Any CPU
		{7549D5E5-5E5E-405E-8035-00C74FC5E880}.Release|Any CPU.Build.0 = Release|Any CPU
		{2E9383D1-40BC-4BF6-A30D-3BE6FCA46E03}.Debug|Any CPU.ActiveCfg = Debug|Any CPU
		{2E9383D1-40BC-4BF6-A30D-3BE6FCA46E03}.Debug|Any CPU.Build.0 = Debug|Any CPU
		{2E9383D1-40BC-4BF6-A30D-3BE6FCA46E03}.Release|Any CPU.ActiveCfg = Release|Any CPU
		{2E9383D1-40BC-4BF6-A30D-3BE6FCA46E03}.Release|Any CPU.Build.0 = Release|Any CPU
		{AC769B6D-9E5D-4FFE-8E36-8CB0542AC752}.Debug|Any CPU.ActiveCfg = Debug|Any CPU
		{AC769B6D-9E5D-4FFE-8E36-8CB0542AC752}.Debug|Any CPU.Build.0 = Debug|Any CPU
		{AC769B6D-9E5D-4FFE-8E36-8CB0542AC752}.Debug|Any CPU.Deploy.0 = Debug|Any CPU
		{AC769B6D-9E5D-4FFE-8E36-8CB0542AC752}.Release|Any CPU.ActiveCfg = Release|Any CPU
		{AC769B6D-9E5D-4FFE-8E36-8CB0542AC752}.Release|Any CPU.Build.0 = Release|Any CPU
		{AC769B6D-9E5D-4FFE-8E36-8CB0542AC752}.Release|Any CPU.Deploy.0 = Release|Any CPU
		{5CD4D1FC-930E-4076-86DC-DDCAE575D705}.Debug|Any CPU.ActiveCfg = Debug|Any CPU
		{5CD4D1FC-930E-4076-86DC-DDCAE575D705}.Debug|Any CPU.Build.0 = Debug|Any CPU
		{5CD4D1FC-930E-4076-86DC-DDCAE575D705}.Release|Any CPU.ActiveCfg = Release|Any CPU
		{5CD4D1FC-930E-4076-86DC-DDCAE575D705}.Release|Any CPU.Build.0 = Release|Any CPU
		{3089DC37-5FC9-4824-A321-9EB65D66D45C}.Debug|Any CPU.ActiveCfg = Debug|Any CPU
		{3089DC37-5FC9-4824-A321-9EB65D66D45C}.Debug|Any CPU.Build.0 = Debug|Any CPU
		{3089DC37-5FC9-4824-A321-9EB65D66D45C}.Release|Any CPU.ActiveCfg = Release|Any CPU
		{3089DC37-5FC9-4824-A321-9EB65D66D45C}.Release|Any CPU.Build.0 = Release|Any CPU
		{A95510C9-96C4-40D1-8E63-5EC071374DA5}.Debug|Any CPU.ActiveCfg = Debug|Any CPU
		{A95510C9-96C4-40D1-8E63-5EC071374DA5}.Debug|Any CPU.Build.0 = Debug|Any CPU
		{A95510C9-96C4-40D1-8E63-5EC071374DA5}.Release|Any CPU.ActiveCfg = Release|Any CPU
		{A95510C9-96C4-40D1-8E63-5EC071374DA5}.Release|Any CPU.Build.0 = Release|Any CPU
		{157A77EF-CB4D-4333-81FE-E53C86DCB3CE}.Debug|Any CPU.ActiveCfg = Debug|Any CPU
		{157A77EF-CB4D-4333-81FE-E53C86DCB3CE}.Debug|Any CPU.Build.0 = Debug|Any CPU
		{157A77EF-CB4D-4333-81FE-E53C86DCB3CE}.Release|Any CPU.ActiveCfg = Release|Any CPU
		{157A77EF-CB4D-4333-81FE-E53C86DCB3CE}.Release|Any CPU.Build.0 = Release|Any CPU
		{203B2AD8-248D-4902-BA8B-1A138331439D}.Debug|Any CPU.ActiveCfg = Debug|Any CPU
		{203B2AD8-248D-4902-BA8B-1A138331439D}.Debug|Any CPU.Build.0 = Debug|Any CPU
		{203B2AD8-248D-4902-BA8B-1A138331439D}.Release|Any CPU.ActiveCfg = Release|Any CPU
		{203B2AD8-248D-4902-BA8B-1A138331439D}.Release|Any CPU.Build.0 = Release|Any CPU
	EndGlobalSection
	GlobalSection(SolutionProperties) = preSolution
		HideSolutionNode = FALSE
	EndGlobalSection
	GlobalSection(NestedProjects) = preSolution
		{304AE232-61C4-4C0A-BFDC-39DA21CEC08A} = {EF9AB8A4-A4EE-42A0-A6FA-61F77A748B3C}
		{BA95043E-8E5A-47ED-B27E-6E649295DAFB} = {EF9AB8A4-A4EE-42A0-A6FA-61F77A748B3C}
		{139EA2E2-C839-4856-A47A-086ECCF1F138} = {EF9AB8A4-A4EE-42A0-A6FA-61F77A748B3C}
		{14FD8D8F-90C7-4A6E-A596-4F28CAA6084C} = {EF9AB8A4-A4EE-42A0-A6FA-61F77A748B3C}
		{020A36D5-9DD4-4814-AE19-8F4AF21B8814} = {EF9AB8A4-A4EE-42A0-A6FA-61F77A748B3C}
		{3765D28B-A271-45FC-811E-DD0EAA1C626C} = {EF9AB8A4-A4EE-42A0-A6FA-61F77A748B3C}
		{79D50A64-B27D-4719-A904-D0842070192C} = {139EA2E2-C839-4856-A47A-086ECCF1F138}
		{66213AE0-034F-4D28-96FB-235DA196D7A2} = {139EA2E2-C839-4856-A47A-086ECCF1F138}
		{A08B1D49-1FFA-4EE9-AAAE-C3808040D86E} = {BA95043E-8E5A-47ED-B27E-6E649295DAFB}
		{AB926146-C7CA-4612-9036-28C96F3C3C32} = {EF9AB8A4-A4EE-42A0-A6FA-61F77A748B3C}
		{9869DA2F-0873-42E0-A531-3F5CF2FD46D7} = {BA95043E-8E5A-47ED-B27E-6E649295DAFB}
		{F7EFC418-EBD8-4947-8335-AC1186894D58} = {020A36D5-9DD4-4814-AE19-8F4AF21B8814}
		{7549D5E5-5E5E-405E-8035-00C74FC5E880} = {020A36D5-9DD4-4814-AE19-8F4AF21B8814}
		{2E9383D1-40BC-4BF6-A30D-3BE6FCA46E03} = {304AE232-61C4-4C0A-BFDC-39DA21CEC08A}
		{AC769B6D-9E5D-4FFE-8E36-8CB0542AC752} = {AB926146-C7CA-4612-9036-28C96F3C3C32}
		{5CD4D1FC-930E-4076-86DC-DDCAE575D705} = {14FD8D8F-90C7-4A6E-A596-4F28CAA6084C}
		{3089DC37-5FC9-4824-A321-9EB65D66D45C} = {C068B2EF-41BF-413D-8B01-9BDA73E541D6}
		{A95510C9-96C4-40D1-8E63-5EC071374DA5} = {C068B2EF-41BF-413D-8B01-9BDA73E541D6}
		{C068B2EF-41BF-413D-8B01-9BDA73E541D6} = {1A8F70A5-6427-403F-B043-E3E57960D243}
		{157A77EF-CB4D-4333-81FE-E53C86DCB3CE} = {C068B2EF-41BF-413D-8B01-9BDA73E541D6}
		{203B2AD8-248D-4902-BA8B-1A138331439D} = {C068B2EF-41BF-413D-8B01-9BDA73E541D6}
	EndGlobalSection
	GlobalSection(ExtensibilityGlobals) = postSolution
		SolutionGuid = {CF5ABD9A-3EE3-443A-89B2-46EA46338774}
	EndGlobalSection
EndGlobal
